
Microsoft Visual Studio Solution File, Format Version 12.00
# Visual Studio Version 17
VisualStudioVersion = 17.11.35327.3
MinimumVisualStudioVersion = 10.0.40219.1
Project("{FAE04EC0-301F-11D3-BF4B-00C04F79EFBC}") = "LojaVirtual.ProductApi", "LojaVirtual.ProductApi\LojaVirtual.ProductApi.csproj", "{70BB2456-75E6-417B-853A-1E7EDEFB6427}"
EndProject
Global
	GlobalSection(SolutionConfigurationPlatforms) = preSolution
		Debug|Any CPU = Debug|Any CPU
		Release|Any CPU = Release|Any CPU
	EndGlobalSection
	GlobalSection(ProjectConfigurationPlatforms) = postSolution
		{70BB2456-75E6-417B-853A-1E7EDEFB6427}.Debug|Any CPU.ActiveCfg = Debug|Any CPU
		{70BB2456-75E6-417B-853A-1E7EDEFB6427}.Debug|Any CPU.Build.0 = Debug|Any CPU
		{70BB2456-75E6-417B-853A-1E7EDEFB6427}.Release|Any CPU.ActiveCfg = Release|Any CPU
		{70BB2456-75E6-417B-853A-1E7EDEFB6427}.Release|Any CPU.Build.0 = Release|Any CPU
	EndGlobalSection
	GlobalSection(SolutionProperties) = preSolution
		HideSolutionNode = FALSE
	EndGlobalSection
	GlobalSection(ExtensibilityGlobals) = postSolution
		SolutionGuid = {ED8C0BBD-AADA-4424-83C9-B099D15E4DA6}
	EndGlobalSection
EndGlobal
